
Microsoft Visual Studio Solution File, Format Version 12.00
# Visual Studio Version 16
VisualStudioVersion = 16.0.30011.22
MinimumVisualStudioVersion = 10.0.40219.1
Project("{9A19103F-16F7-4668-BE54-9A1E7A4F7556}") = "OdeToFood", "OdeToFood\OdeToFood.csproj", "{A356E95F-61A5-4824-86CC-47C068E816E6}"
EndProject
Project("{9A19103F-16F7-4668-BE54-9A1E7A4F7556}") = "OdeToFood.Core", "OdeToFood.Core\OdeToFood.Core.csproj", "{3E9CF9CF-2661-4574-8FB2-F88224FC6C9A}"
EndProject
Project("{9A19103F-16F7-4668-BE54-9A1E7A4F7556}") = "OdeToFood.Data", "OdeToFood.Data\OdeToFood.Data.csproj", "{8ED07424-B54A-4F65-A0A5-210374FB4FD4}"
EndProject
Global
	GlobalSection(SolutionConfigurationPlatforms) = preSolution
		Debug|Any CPU = Debug|Any CPU
		Release|Any CPU = Release|Any CPU
	EndGlobalSection
	GlobalSection(ProjectConfigurationPlatforms) = postSolution
		{A356E95F-61A5-4824-86CC-47C068E816E6}.Debug|Any CPU.ActiveCfg = Debug|Any CPU
		{A356E95F-61A5-4824-86CC-47C068E816E6}.Debug|Any CPU.Build.0 = Debug|Any CPU
		{A356E95F-61A5-4824-86CC-47C068E816E6}.Release|Any CPU.ActiveCfg = Release|Any CPU
		{A356E95F-61A5-4824-86CC-47C068E816E6}.Release|Any CPU.Build.0 = Release|Any CPU
		{3E9CF9CF-2661-4574-8FB2-F88224FC6C9A}.Debug|Any CPU.ActiveCfg = Debug|Any CPU
		{3E9CF9CF-2661-4574-8FB2-F88224FC6C9A}.Debug|Any CPU.Build.0 = Debug|Any CPU
		{3E9CF9CF-2661-4574-8FB2-F88224FC6C9A}.Release|Any CPU.ActiveCfg = Release|Any CPU
		{3E9CF9CF-2661-4574-8FB2-F88224FC6C9A}.Release|Any CPU.Build.0 = Release|Any CPU
		{8ED07424-B54A-4F65-A0A5-210374FB4FD4}.Debug|Any CPU.ActiveCfg = Debug|Any CPU
		{8ED07424-B54A-4F65-A0A5-210374FB4FD4}.Debug|Any CPU.Build.0 = Debug|Any CPU
		{8ED07424-B54A-4F65-A0A5-210374FB4FD4}.Release|Any CPU.ActiveCfg = Release|Any CPU
		{8ED07424-B54A-4F65-A0A5-210374FB4FD4}.Release|Any CPU.Build.0 = Release|Any CPU
	EndGlobalSection
	GlobalSection(SolutionProperties) = preSolution
		HideSolutionNode = FALSE
	EndGlobalSection
	GlobalSection(ExtensibilityGlobals) = postSolution
		SolutionGuid = {04BE5565-495C-4751-9B11-C0B82CB40CD8}
	EndGlobalSection
EndGlobal
